
Microsoft Visual Studio Solution File, Format Version 12.00
# Visual Studio Version 17
VisualStudioVersion = 17.6.33829.357
MinimumVisualStudioVersion = 10.0.40219.1
Project("{FAE04EC0-301F-11D3-BF4B-00C04F79EFBC}") = "MijnHuis", "MijnHuis\MijnHuis.csproj", "{037936F6-CA07-4E86-8175-1B7606DA2A75}"
EndProject
Project("{FAE04EC0-301F-11D3-BF4B-00C04F79EFBC}") = "Heras", "Heras\Heras.csproj", "{7EEFAF56-6D39-4404-A8A4-F639A515E4C7}"
EndProject
Project("{FAE04EC0-301F-11D3-BF4B-00C04F79EFBC}") = "Philips", "Philips\Philips.csproj", "{D5FF440C-84ED-4130-B2A5-385157773CE9}"
EndProject
Project("{FAE04EC0-301F-11D3-BF4B-00C04F79EFBC}") = "DoomsdayPreppers", "DoomsdayPreppers\DoomsdayPreppers.csproj", "{43D5C481-D9FA-4BD2-B5F5-AB7F7AA83105}"
EndProject
Project("{FAE04EC0-301F-11D3-BF4B-00C04F79EFBC}") = "Infrac", "Infrac\Infrac.csproj", "{8A804E0B-338C-44A7-8E35-382FA978D9C0}"
EndProject
Project("{FAE04EC0-301F-11D3-BF4B-00C04F79EFBC}") = "Afspraken", "Afspraken\Afspraken.csproj", "{6D6893F2-B9AC-467A-9EAD-151564F13F1D}"
EndProject
Global
	GlobalSection(SolutionConfigurationPlatforms) = preSolution
		Debug|Any CPU = Debug|Any CPU
		Release|Any CPU = Release|Any CPU
	EndGlobalSection
	GlobalSection(ProjectConfigurationPlatforms) = postSolution
		{037936F6-CA07-4E86-8175-1B7606DA2A75}.Debug|Any CPU.ActiveCfg = Debug|Any CPU
		{037936F6-CA07-4E86-8175-1B7606DA2A75}.Debug|Any CPU.Build.0 = Debug|Any CPU
		{037936F6-CA07-4E86-8175-1B7606DA2A75}.Release|Any CPU.ActiveCfg = Release|Any CPU
		{037936F6-CA07-4E86-8175-1B7606DA2A75}.Release|Any CPU.Build.0 = Release|Any CPU
		{7EEFAF56-6D39-4404-A8A4-F639A515E4C7}.Debug|Any CPU.ActiveCfg = Debug|Any CPU
		{7EEFAF56-6D39-4404-A8A4-F639A515E4C7}.Debug|Any CPU.Build.0 = Debug|Any CPU
		{7EEFAF56-6D39-4404-A8A4-F639A515E4C7}.Release|Any CPU.ActiveCfg = Release|Any CPU
		{7EEFAF56-6D39-4404-A8A4-F639A515E4C7}.Release|Any CPU.Build.0 = Release|Any CPU
		{D5FF440C-84ED-4130-B2A5-385157773CE9}.Debug|Any CPU.ActiveCfg = Debug|Any CPU
		{D5FF440C-84ED-4130-B2A5-385157773CE9}.Debug|Any CPU.Build.0 = Debug|Any CPU
		{D5FF440C-84ED-4130-B2A5-385157773CE9}.Release|Any CPU.ActiveCfg = Release|Any CPU
		{D5FF440C-84ED-4130-B2A5-385157773CE9}.Release|Any CPU.Build.0 = Release|Any CPU
		{43D5C481-D9FA-4BD2-B5F5-AB7F7AA83105}.Debug|Any CPU.ActiveCfg = Debug|Any CPU
		{43D5C481-D9FA-4BD2-B5F5-AB7F7AA83105}.Debug|Any CPU.Build.0 = Debug|Any CPU
		{43D5C481-D9FA-4BD2-B5F5-AB7F7AA83105}.Release|Any CPU.ActiveCfg = Release|Any CPU
		{43D5C481-D9FA-4BD2-B5F5-AB7F7AA83105}.Release|Any CPU.Build.0 = Release|Any CPU
		{8A804E0B-338C-44A7-8E35-382FA978D9C0}.Debug|Any CPU.ActiveCfg = Debug|Any CPU
		{8A804E0B-338C-44A7-8E35-382FA978D9C0}.Debug|Any CPU.Build.0 = Debug|Any CPU
		{8A804E0B-338C-44A7-8E35-382FA978D9C0}.Release|Any CPU.ActiveCfg = Release|Any CPU
		{8A804E0B-338C-44A7-8E35-382FA978D9C0}.Release|Any CPU.Build.0 = Release|Any CPU
		{6D6893F2-B9AC-467A-9EAD-151564F13F1D}.Debug|Any CPU.ActiveCfg = Debug|Any CPU
		{6D6893F2-B9AC-467A-9EAD-151564F13F1D}.Debug|Any CPU.Build.0 = Debug|Any CPU
		{6D6893F2-B9AC-467A-9EAD-151564F13F1D}.Release|Any CPU.ActiveCfg = Release|Any CPU
		{6D6893F2-B9AC-467A-9EAD-151564F13F1D}.Release|Any CPU.Build.0 = Release|Any CPU
	EndGlobalSection
	GlobalSection(SolutionProperties) = preSolution
		HideSolutionNode = FALSE
	EndGlobalSection
	GlobalSection(ExtensibilityGlobals) = postSolution
		SolutionGuid = {F855BB93-A993-4866-9058-489938B8151B}
	EndGlobalSection
EndGlobal
